
Microsoft Visual Studio Solution File, Format Version 12.00
# Visual Studio 2013
VisualStudioVersion = 12.0.21005.1
MinimumVisualStudioVersion = 10.0.40219.1
Project("{FAE04EC0-301F-11D3-BF4B-00C04F79EFBC}") = "ImgurDotNetSDK40", "src\ImgurDotNetSDK40\ImgurDotNetSDK40.csproj", "{0A33BE8A-FBF0-4AC2-9E03-00798F17A561}"
EndProject
Project("{2150E333-8FDC-42A3-9474-1A3956D46DE8}") = ".nuget", ".nuget", "{1C686448-BD87-4D00-A305-898AD2765720}"
	ProjectSection(SolutionItems) = preProject
		.nuget\NuGet.Config = .nuget\NuGet.Config
		.nuget\NuGet.exe = .nuget\NuGet.exe
		.nuget\NuGet.targets = .nuget\NuGet.targets
	EndProjectSection
EndProject
Project("{FAE04EC0-301F-11D3-BF4B-00C04F79EFBC}") = "ImgurDotNetSDK45", "src\ImgurDotNetSDK45\ImgurDotNetSDK45.csproj", "{2FE1A949-760F-4541-B081-17AB53CBE0AF}"
EndProject
Global
	GlobalSection(SolutionConfigurationPlatforms) = preSolution
		Debug|Any CPU = Debug|Any CPU
		Release|Any CPU = Release|Any CPU
	EndGlobalSection
	GlobalSection(ProjectConfigurationPlatforms) = postSolution
		{0A33BE8A-FBF0-4AC2-9E03-00798F17A561}.Debug|Any CPU.ActiveCfg = Debug|Any CPU
		{0A33BE8A-FBF0-4AC2-9E03-00798F17A561}.Debug|Any CPU.Build.0 = Debug|Any CPU
		{0A33BE8A-FBF0-4AC2-9E03-00798F17A561}.Release|Any CPU.ActiveCfg = Release|Any CPU
		{0A33BE8A-FBF0-4AC2-9E03-00798F17A561}.Release|Any CPU.Build.0 = Release|Any CPU
		{2FE1A949-760F-4541-B081-17AB53CBE0AF}.Debug|Any CPU.ActiveCfg = Debug|Any CPU
		{2FE1A949-760F-4541-B081-17AB53CBE0AF}.Debug|Any CPU.Build.0 = Debug|Any CPU
		{2FE1A949-760F-4541-B081-17AB53CBE0AF}.Release|Any CPU.ActiveCfg = Release|Any CPU
		{2FE1A949-760F-4541-B081-17AB53CBE0AF}.Release|Any CPU.Build.0 = Release|Any CPU
	EndGlobalSection
	GlobalSection(SolutionProperties) = preSolution
		HideSolutionNode = FALSE
	EndGlobalSection
EndGlobal
